
Microsoft Visual Studio Solution File, Format Version 12.00
# Visual Studio Version 17
VisualStudioVersion = 17.5.002.0
MinimumVisualStudioVersion = 10.0.40219.1
Project("{9A19103F-16F7-4668-BE54-9A1E7A4F7556}") = "WebQWorker.AppHost", "WebQWorker.AppHost.csproj", "{75C35AF6-A0E5-4880-8CEA-9220C75DF27E}"
EndProject
Global
	GlobalSection(SolutionConfigurationPlatforms) = preSolution
		Debug|Any CPU = Debug|Any CPU
		Release|Any CPU = Release|Any CPU
	EndGlobalSection
	GlobalSection(ProjectConfigurationPlatforms) = postSolution
		{75C35AF6-A0E5-4880-8CEA-9220C75DF27E}.Debug|Any CPU.ActiveCfg = Debug|Any CPU
		{75C35AF6-A0E5-4880-8CEA-9220C75DF27E}.Debug|Any CPU.Build.0 = Debug|Any CPU
		{75C35AF6-A0E5-4880-8CEA-9220C75DF27E}.Release|Any CPU.ActiveCfg = Release|Any CPU
		{75C35AF6-A0E5-4880-8CEA-9220C75DF27E}.Release|Any CPU.Build.0 = Release|Any CPU
	EndGlobalSection
	GlobalSection(SolutionProperties) = preSolution
		HideSolutionNode = FALSE
	EndGlobalSection
	GlobalSection(ExtensibilityGlobals) = postSolution
		SolutionGuid = {25F3024A-ADB9-4ED1-8B42-EE622EC3C4B0}
	EndGlobalSection
EndGlobal
